
Microsoft Visual Studio Solution File, Format Version 12.00
# Visual Studio Version 17
VisualStudioVersion = 17.9.34728.123
MinimumVisualStudioVersion = 10.0.40219.1
Project("{9A19103F-16F7-4668-BE54-9A1E7A4F7556}") = "web_todo_app", "web_todo_app\web_todo_app.csproj", "{5B2F7269-EC85-465C-AF7C-D05D09BD2D74}"
EndProject
Project("{FAE04EC0-301F-11D3-BF4B-00C04F79EFBC}") = "SenderEmail", "SenderEmail\SenderEmail.csproj", "{60E60CC3-59A1-4F1F-82B4-F311D9474A3E}"
EndProject
Global
	GlobalSection(SolutionConfigurationPlatforms) = preSolution
		Debug|Any CPU = Debug|Any CPU
		Release|Any CPU = Release|Any CPU
	EndGlobalSection
	GlobalSection(ProjectConfigurationPlatforms) = postSolution
		{5B2F7269-EC85-465C-AF7C-D05D09BD2D74}.Debug|Any CPU.ActiveCfg = Debug|Any CPU
		{5B2F7269-EC85-465C-AF7C-D05D09BD2D74}.Debug|Any CPU.Build.0 = Debug|Any CPU
		{5B2F7269-EC85-465C-AF7C-D05D09BD2D74}.Release|Any CPU.ActiveCfg = Release|Any CPU
		{5B2F7269-EC85-465C-AF7C-D05D09BD2D74}.Release|Any CPU.Build.0 = Release|Any CPU
		{60E60CC3-59A1-4F1F-82B4-F311D9474A3E}.Debug|Any CPU.ActiveCfg = Debug|Any CPU
		{60E60CC3-59A1-4F1F-82B4-F311D9474A3E}.Debug|Any CPU.Build.0 = Debug|Any CPU
		{60E60CC3-59A1-4F1F-82B4-F311D9474A3E}.Release|Any CPU.ActiveCfg = Release|Any CPU
		{60E60CC3-59A1-4F1F-82B4-F311D9474A3E}.Release|Any CPU.Build.0 = Release|Any CPU
	EndGlobalSection
	GlobalSection(SolutionProperties) = preSolution
		HideSolutionNode = FALSE
	EndGlobalSection
	GlobalSection(ExtensibilityGlobals) = postSolution
		SolutionGuid = {B3CDDA56-BD92-4087-9648-1446A77F4449}
	EndGlobalSection
EndGlobal
